
Microsoft Visual Studio Solution File, Format Version 12.00
# Visual Studio Version 17
VisualStudioVersion = 17.14.36804.6 d17.14
MinimumVisualStudioVersion = 10.0.40219.1
Project("{FAE04EC0-301F-11D3-BF4B-00C04F79EFBC}") = "E-Commerce System", "E-Commerce System\E-Commerce System.csproj", "{EB3E0DD9-DFA2-41F3-BA43-68AFA12E4060}"
EndProject
Global
	GlobalSection(SolutionConfigurationPlatforms) = preSolution
		Debug|Any CPU = Debug|Any CPU
		Release|Any CPU = Release|Any CPU
	EndGlobalSection
	GlobalSection(ProjectConfigurationPlatforms) = postSolution
		{EB3E0DD9-DFA2-41F3-BA43-68AFA12E4060}.Debug|Any CPU.ActiveCfg = Debug|Any CPU
		{EB3E0DD9-DFA2-41F3-BA43-68AFA12E4060}.Debug|Any CPU.Build.0 = Debug|Any CPU
		{EB3E0DD9-DFA2-41F3-BA43-68AFA12E4060}.Release|Any CPU.ActiveCfg = Release|Any CPU
		{EB3E0DD9-DFA2-41F3-BA43-68AFA12E4060}.Release|Any CPU.Build.0 = Release|Any CPU
	EndGlobalSection
	GlobalSection(SolutionProperties) = preSolution
		HideSolutionNode = FALSE
	EndGlobalSection
	GlobalSection(ExtensibilityGlobals) = postSolution
		SolutionGuid = {4253F3B0-C568-40E5-BE7F-AF4954CBDF57}
	EndGlobalSection
EndGlobal
